// !$*UTF8*$!
{
	archiveVersion = 1;
	classes = {
	};
	objectVersion = 46;
	objects = {
/* Begin PBXBuildFile section */
		0E8F8583B68445C388A4028A /* HTTPManager.m in Sources */ = {isa = PBXBuildFile; fileRef = F528DC504C374EA084AA2B99 /* HTTPManager.m */; };
		132F0B0305EF498BBD1FF8C4 /* AFHTTPRequestOperationManager.m in Sources */ = {isa = PBXBuildFile; fileRef = 494FDF976AEF4087BBC14EA6 /* AFHTTPRequestOperationManager.m */; };
		16248E9BC3824CC1820E4526 /* Security.framework in Frameworks */ = {isa = PBXBuildFile; fileRef = 3BA4F712DD06413591341E82 /* Security.framework */; };
		1715BEDDC6D643618A1A1FCE /* External.m in Sources */ = {isa = PBXBuildFile; fileRef = EC4D1C503EB2486EB5F20CA4 /* External.m */; };
		1987484C4F514CBE9A6FA819 /* AFSecurityPolicy.m in Sources */ = {isa = PBXBuildFile; fileRef = 6444FD6870A245FBBD0E04A0 /* AFSecurityPolicy.m */; };
		1D3623260D0F684500981E51 /* AppDelegate.m in Sources */ = {isa = PBXBuildFile; fileRef = 1D3623250D0F684500981E51 /* AppDelegate.m */; };
		1D60589B0D05DD56006BFB54 /* main.m in Sources */ = {isa = PBXBuildFile; fileRef = 29B97316FDCFA39411CA2CEA /* main.m */; };
		22E81A1E9D664699A2FE3135 /* R9HTTPRequest.m in Sources */ = {isa = PBXBuildFile; fileRef = EA82D94C2D664F138D68619A /* R9HTTPRequest.m */; };
		251539FADAF744D885229B4B /* libsqlite3.dylib in Frameworks */ = {isa = PBXBuildFile; fileRef = 290D4EFC402A46778A2A7A71 /* libsqlite3.dylib */; };
		288765FD0DF74451002DB57D /* CoreGraphics.framework in Frameworks */ = {isa = PBXBuildFile; fileRef = 288765FC0DF74451002DB57D /* CoreGraphics.framework */; };
		2C22B010444C4D4297E9629F /* libz.dylib in Frameworks */ = {isa = PBXBuildFile; fileRef = C1DCAD0209714E2C9385A7DA /* libz.dylib */; };
		2D69B2BE5CAE49B998428258 /* Circle.m in Sources */ = {isa = PBXBuildFile; fileRef = 893987758B304CD587D6D517 /* Circle.m */; };
		2E2838FF1A0147ACA6D3BD58 /* MyPluginScrollView.m in Sources */ = {isa = PBXBuildFile; fileRef = 66C95BCD259341828AF349DE /* MyPluginScrollView.m */; };
		301BF552109A68D80062928A /* libCordova.a in Frameworks */ = {isa = PBXBuildFile; fileRef = 301BF535109A57CC0062928A /* libCordova.a */; };
		302D95F114D2391D003F00A1 /* MainViewController.m in Sources */ = {isa = PBXBuildFile; fileRef = 302D95EF14D2391D003F00A1 /* MainViewController.m */; };
		302D95F214D2391D003F00A1 /* MainViewController.xib in Resources */ = {isa = PBXBuildFile; fileRef = 302D95F014D2391D003F00A1 /* MainViewController.xib */; };
		305D5FD1115AB8F900A74A75 /* MobileCoreServices.framework in Frameworks */ = {isa = PBXBuildFile; fileRef = 305D5FD0115AB8F900A74A75 /* MobileCoreServices.framework */; };
		3088BBBD154F3926009F9C59 /* Default-Landscape@2x~ipad.png in Resources */ = {isa = PBXBuildFile; fileRef = 3088BBB7154F3926009F9C59 /* Default-Landscape@2x~ipad.png */; };
		3088BBBE154F3926009F9C59 /* Default-Landscape~ipad.png in Resources */ = {isa = PBXBuildFile; fileRef = 3088BBB8154F3926009F9C59 /* Default-Landscape~ipad.png */; };
		3088BBBF154F3926009F9C59 /* Default-Portrait@2x~ipad.png in Resources */ = {isa = PBXBuildFile; fileRef = 3088BBB9154F3926009F9C59 /* Default-Portrait@2x~ipad.png */; };
		3088BBC0154F3926009F9C59 /* Default-Portrait~ipad.png in Resources */ = {isa = PBXBuildFile; fileRef = 3088BBBA154F3926009F9C59 /* Default-Portrait~ipad.png */; };
		3088BBC1154F3926009F9C59 /* Default@2x~iphone.png in Resources */ = {isa = PBXBuildFile; fileRef = 3088BBBB154F3926009F9C59 /* Default@2x~iphone.png */; };
		3088BBC2154F3926009F9C59 /* Default~iphone.png in Resources */ = {isa = PBXBuildFile; fileRef = 3088BBBC154F3926009F9C59 /* Default~iphone.png */; };
		308D05371370CCF300D202BF /* icon-72.png in Resources */ = {isa = PBXBuildFile; fileRef = 308D052E1370CCF300D202BF /* icon-72.png */; };
		308D05381370CCF300D202BF /* icon.png in Resources */ = {isa = PBXBuildFile; fileRef = 308D052F1370CCF300D202BF /* icon.png */; };
		308D05391370CCF300D202BF /* icon@2x.png in Resources */ = {isa = PBXBuildFile; fileRef = 308D05301370CCF300D202BF /* icon@2x.png */; };
		30B4F30019D5E07200D9F7D8 /* Default-667h.png in Resources */ = {isa = PBXBuildFile; fileRef = 30B4F2FD19D5E07200D9F7D8 /* Default-667h.png */; };
		30B4F30119D5E07200D9F7D8 /* Default-736h.png in Resources */ = {isa = PBXBuildFile; fileRef = 30B4F2FE19D5E07200D9F7D8 /* Default-736h.png */; };
		30B4F30219D5E07200D9F7D8 /* Default-Landscape-736h.png in Resources */ = {isa = PBXBuildFile; fileRef = 30B4F2FF19D5E07200D9F7D8 /* Default-Landscape-736h.png */; };
		30C1856619D5FC0A00212699 /* icon-60@3x.png in Resources */ = {isa = PBXBuildFile; fileRef = 30C1856519D5FC0A00212699 /* icon-60@3x.png */; };
		30FC414916E50CA1004E6F35 /* icon-72@2x.png in Resources */ = {isa = PBXBuildFile; fileRef = 30FC414816E50CA1004E6F35 /* icon-72@2x.png */; };
		312DD03A2E4E4B17966E64A4 /* Geocoder.m in Sources */ = {isa = PBXBuildFile; fileRef = CF2D75EAC7214773875F181F /* Geocoder.m */; };
		31998BAD19054E0BBD96C3F7 /* ImageIO.framework in Frameworks */ = {isa = PBXBuildFile; fileRef = 165DF78813C74C04BD9B91DA /* ImageIO.framework */; };
		31EC7A6DCABF47519AA46E34 /* AFURLResponseSerialization.m in Sources */ = {isa = PBXBuildFile; fileRef = 1C0BE4C0F6EC44DEBE08C373 /* AFURLResponseSerialization.m */; };
		331CFBEE184542DAADCC8731 /* AFURLRequestSerialization.m in Sources */ = {isa = PBXBuildFile; fileRef = 055BC693C750426A84ED10A2 /* AFURLRequestSerialization.m */; };
		332C771FF8514CDDA23DD149 /* BSD-LICENSE in Sources */ = {isa = PBXBuildFile; fileRef = B1485B36079C4879928A9F00 /* BSD-LICENSE */; };
		358A93B7D9344BF48F20AEAB /* TileOverlay.m in Sources */ = {isa = PBXBuildFile; fileRef = 1ECEDE6FB28145FBAE9E352A /* TileOverlay.m */; };
		3AB7E683CD8B45D7A5291F66 /* AFURLConnectionOperation.m in Sources */ = {isa = PBXBuildFile; fileRef = B4794D63D0F94AE593ABC84A /* AFURLConnectionOperation.m */; };
		3E61356E04EB48D49D4A2851 /* TextResponseSerializer.m in Sources */ = {isa = PBXBuildFile; fileRef = BD93B40A1D90439DAFFAD839 /* TextResponseSerializer.m */; };
		3FCF86B6107A48A299DF45DB /* AVFoundation.framework in Frameworks */ = {isa = PBXBuildFile; fileRef = 6DA5A32EE751407E90932732 /* AVFoundation.framework */; };
		401C52BEE3E74E6F93290FA0 /* CoreLocation.framework in Frameworks */ = {isa = PBXBuildFile; fileRef = 8F47BB10B7F94E3B9D7EAC09 /* CoreLocation.framework */; };
		41B6D01F9AE94DAC8F3502A9 /* KmlOverlay.m in Sources */ = {isa = PBXBuildFile; fileRef = 3496B482F9D54D5EB096B9FA /* KmlOverlay.m */; };
		41EFA469C2444621AFCA10A2 /* libiconv.dylib in Frameworks */ = {isa = PBXBuildFile; fileRef = F3491502796148ECBFCE1402 /* libiconv.dylib */; };
		482BB2B4287143438689361C /* README in Sources */ = {isa = PBXBuildFile; fileRef = 1E13D17DCE8C4CF8B031C768 /* README */; };
		48D19559A7FE48959ABA3529 /* OpenGLES.framework in Frameworks */ = {isa = PBXBuildFile; fileRef = C00E0087F73B482F8EA544A1 /* OpenGLES.framework */; };
		4F7C8B05ABB0453688F58B42 /* GoogleMaps.framework in Frameworks */ = {isa = PBXBuildFile; fileRef = DB58EA58631042BE938E9F98 /* GoogleMaps.framework */; };
		57A493A34E824EEB9152EF06 /* GoogleMaps.bundle in Resources */ = {isa = PBXBuildFile; fileRef = 83A6EE3F946C47A78B4DC92E /* GoogleMaps.bundle */; };
		584A95DD01564673AEEA9E5B /* QuartzCore.framework in Frameworks */ = {isa = PBXBuildFile; fileRef = C30ED811C1EF40C2B236213A /* QuartzCore.framework */; };
		5B1594DD16A7569C00FEF299 /* AssetsLibrary.framework in Frameworks */ = {isa = PBXBuildFile; fileRef = 5B1594DC16A7569C00FEF299 /* AssetsLibrary.framework */; };
		60C8C9A1E12C4FEC9A9A3392 /* Map.m in Sources */ = {isa = PBXBuildFile; fileRef = 550031CCB7F346E2A2A7AF4D /* Map.m */; };
		60CFD701EE304D6BBDBA759F /* CoreVideo.framework in Frameworks */ = {isa = PBXBuildFile; fileRef = 759F4AAF8CCD447C98B91E1E /* CoreVideo.framework */; };
		6F5C591132C44539B46C06B7 /* Polygon.m in Sources */ = {isa = PBXBuildFile; fileRef = 5CF948C0B7D94C7DA93CA4F7 /* Polygon.m */; };
		6FE1949D0EBE4F71AAF4E4B1 /* MapKit.m in Sources */ = {isa = PBXBuildFile; fileRef = 16E1681E3FB044E5BCD99590 /* MapKit.m */; };
		72ECF5ADE0A844569FA4EC30 /* MyPluginLayer.m in Sources */ = {isa = PBXBuildFile; fileRef = 43804DFC38E741349CCCECBC /* MyPluginLayer.m */; };
		7609D36225564213924C8786 /* CDVFile.m in Sources */ = {isa = PBXBuildFile; fileRef = 28994BB9C44E43B99A46437E /* CDVFile.m */; };
		762B6445E5344EA2A4471590 /* GroundOverlay.m in Sources */ = {isa = PBXBuildFile; fileRef = 6BC973E0BBE640D985810FD3 /* GroundOverlay.m */; };
		7E7966DE1810823500FA85AD /* icon-40.png in Resources */ = {isa = PBXBuildFile; fileRef = 7E7966D41810823500FA85AD /* icon-40.png */; };
		7E7966DF1810823500FA85AD /* icon-40@2x.png in Resources */ = {isa = PBXBuildFile; fileRef = 7E7966D51810823500FA85AD /* icon-40@2x.png */; };
		7E7966E01810823500FA85AD /* icon-50.png in Resources */ = {isa = PBXBuildFile; fileRef = 7E7966D61810823500FA85AD /* icon-50.png */; };
		7E7966E11810823500FA85AD /* icon-50@2x.png in Resources */ = {isa = PBXBuildFile; fileRef = 7E7966D71810823500FA85AD /* icon-50@2x.png */; };
		7E7966E21810823500FA85AD /* icon-60.png in Resources */ = {isa = PBXBuildFile; fileRef = 7E7966D81810823500FA85AD /* icon-60.png */; };
		7E7966E31810823500FA85AD /* icon-60@2x.png in Resources */ = {isa = PBXBuildFile; fileRef = 7E7966D91810823500FA85AD /* icon-60@2x.png */; };
		7E7966E41810823500FA85AD /* icon-76.png in Resources */ = {isa = PBXBuildFile; fileRef = 7E7966DA1810823500FA85AD /* icon-76.png */; };
		7E7966E51810823500FA85AD /* icon-76@2x.png in Resources */ = {isa = PBXBuildFile; fileRef = 7E7966DB1810823500FA85AD /* icon-76@2x.png */; };
		7E7966E61810823500FA85AD /* icon-small.png in Resources */ = {isa = PBXBuildFile; fileRef = 7E7966DC1810823500FA85AD /* icon-small.png */; };
		7E7966E71810823500FA85AD /* icon-small@2x.png in Resources */ = {isa = PBXBuildFile; fileRef = 7E7966DD1810823500FA85AD /* icon-small@2x.png */; };
		8A44BE9E092B4392AB959E99 /* GoogleMaps.m in Sources */ = {isa = PBXBuildFile; fileRef = 4C58AD09B2A94019BB4FA607 /* GoogleMaps.m */; };
		8A9A5E4BDFC2441481202144 /* AFHTTPSessionManager.m in Sources */ = {isa = PBXBuildFile; fileRef = 47211C7D79554D35B73D44BE /* AFHTTPSessionManager.m */; };
		96F8860D280F40A7983AFE10 /* NSData+Base64.m in Sources */ = {isa = PBXBuildFile; fileRef = D68304182E50458A95376D60 /* NSData+Base64.m */; };
		99EF4A60E82D4755AB5A1B9B /* GLKit.framework in Frameworks */ = {isa = PBXBuildFile; fileRef = 8E52799BDF5D496A8C311DE3 /* GLKit.framework */; };
		9BCD79DCDD80421DB817637F /* Polyline.m in Sources */ = {isa = PBXBuildFile; fileRef = B2FF52AE951545D9901291D3 /* Polyline.m */; };
		A07AE0F6EAD2476C97A92D32 /* CordovaHttpPlugin.m in Sources */ = {isa = PBXBuildFile; fileRef = D0964E6E9A9949D186CF27E7 /* CordovaHttpPlugin.m */; };
		A73369C18C6642299A83635B /* SystemConfiguration.framework in Frameworks */ = {isa = PBXBuildFile; fileRef = 3FE10EF199CF434CB3A4ED9D /* SystemConfiguration.framework */; };
		AA22623FABEB4BBCB4715A13 /* PluginUtil.m in Sources */ = {isa = PBXBuildFile; fileRef = A436927A9CCD4B5BA1B7FACE /* PluginUtil.m */; };
		ACD531C054CC45C89D29ADFA /* Marker.m in Sources */ = {isa = PBXBuildFile; fileRef = 8731D58704FF43CC89599C31 /* Marker.m */; };
		AD09920C7B7D40B186D6DECF /* AsyncImageView.m in Sources */ = {isa = PBXBuildFile; fileRef = 6B1E2ABAF9D54533A47EA9AD /* AsyncImageView.m */; };
		AF07F8E5A4434418A6F3277D /* CDVBarcodeScanner.mm in Sources */ = {isa = PBXBuildFile; fileRef = 2D680BC15749420D8F52D194 /* CDVBarcodeScanner.mm */; settings = {COMPILER_FLAGS = "-fno-objc-arc"; }; };
		BDD791541DCC422182DB04ED /* MapKit.framework in Frameworks */ = {isa = PBXBuildFile; fileRef = 475DC0B285FF4D5C89854CD5 /* MapKit.framework */; };
		BE53F3D4DA5B41D3A95B099F /* icon.png in Resources */ = {isa = PBXBuildFile; fileRef = E803C80AD8A3470D8E9EF652 /* icon.png */; };
		BF7B911ECD534484B382FBD8 /* AFURLSessionManager.m in Sources */ = {isa = PBXBuildFile; fileRef = 4EFACE5AC6004412BBC36782 /* AFURLSessionManager.m */; };
		C4D7A9E98B8748E68BBD1004 /* MyReachability.m in Sources */ = {isa = PBXBuildFile; fileRef = 3FCA888C285E47DA97CB7C8C /* MyReachability.m */; };
		C9FC7A428A95434CBEF51CBF /* zxing-all-in-one.cpp in Sources */ = {isa = PBXBuildFile; fileRef = 51F3B764D0CA43919FDCDECA /* zxing-all-in-one.cpp */; };
		CA664114744E402CBE749DFA /* CoreData.framework in Frameworks */ = {isa = PBXBuildFile; fileRef = 366F276BAC744D3788F3ED34 /* CoreData.framework */; };
		CA863E233BB04DC78983C44C /* MyPluginLayerDebugView.m in Sources */ = {isa = PBXBuildFile; fileRef = 1A70C1032AD3413A9DA8468C /* MyPluginLayerDebugView.m */; };
		CBAC56DF6E9A41C29C120D57 /* scannerOverlay.xib in Resources */ = {isa = PBXBuildFile; fileRef = F776F381073A45CE9AA3E779 /* scannerOverlay.xib */; };
		D4A0D8761607E02300AEF8BB /* Default-568h@2x~iphone.png in Resources */ = {isa = PBXBuildFile; fileRef = D4A0D8751607E02300AEF8BB /* Default-568h@2x~iphone.png */; };
		D7036EF7397242508208FFEB /* libicucore.dylib in Frameworks */ = {isa = PBXBuildFile; fileRef = 4ED8163D4AEB4F6CB4B9F775 /* libicucore.dylib */; };
		DB496378CBBF48EB963E95B1 /* AFNetworkReachabilityManager.m in Sources */ = {isa = PBXBuildFile; fileRef = 1FF19153E0C84B65AEE0E28A /* AFNetworkReachabilityManager.m */; };
		DDC9A8E8F0124093A709E8E3 /* libc++.dylib in Frameworks */ = {isa = PBXBuildFile; fileRef = 57C8BCC219EB402C85772C76 /* libc++.dylib */; };
		E4AAC22BE2FA49B78A18CD78 /* TBXML.m in Sources */ = {isa = PBXBuildFile; fileRef = A36ADC09FEE54ACF8AF17C73 /* TBXML.m */; };
		EF668CD411534D6484271667 /* GoogleMapsViewController.m in Sources */ = {isa = PBXBuildFile; fileRef = 7637815613C54A57A0980922 /* GoogleMapsViewController.m */; };
		F058A0A0A04F48069782EE6A /* CoreText.framework in Frameworks */ = {isa = PBXBuildFile; fileRef = AB5F06ECACE2407788E37604 /* CoreText.framework */; };
		F7428BC20CBC4A839D7257B7 /* CDVAnnotation.m in Sources */ = {isa = PBXBuildFile; fileRef = 413AF653717943C8B9029628 /* CDVAnnotation.m */; };
		FDFA1A90D28D4B449A47D7E6 /* AFHTTPRequestOperation.m in Sources */ = {isa = PBXBuildFile; fileRef = BB067496148046359CCE33E4 /* AFHTTPRequestOperation.m */; };
		FDFF57329E494F64B0DCD93F /* HttpRequest.m in Sources */ = {isa = PBXBuildFile; fileRef = EA1390BCC598402087D031F3 /* HttpRequest.m */; };
/* End PBXBuildFile section */

/* Begin PBXContainerItemProxy section */
		301BF534109A57CC0062928A /* PBXContainerItemProxy */ = {
			isa = PBXContainerItemProxy;
			containerPortal = 301BF52D109A57CC0062928A /* CordovaLib.xcodeproj */;
			proxyType = 2;
			remoteGlobalIDString = D2AAC07E0554694100DB518D;
			remoteInfo = CordovaLib;
		};
		301BF550109A68C00062928A /* PBXContainerItemProxy */ = {
			isa = PBXContainerItemProxy;
			containerPortal = 301BF52D109A57CC0062928A /* CordovaLib.xcodeproj */;
			proxyType = 1;
			remoteGlobalIDString = D2AAC07D0554694100DB518D;
			remoteInfo = CordovaLib;
		};
/* End PBXContainerItemProxy section */

/* Begin PBXFileReference section */
		00E9CC71A57047D5B41F2E28 /* MyReachability.h */ = {isa = PBXFileReference; fileEncoding = 4; lastKnownFileType = sourcecode.c.h; name = MyReachability.h; path = plugin.google.maps/MyReachability.h; sourceTree = "<group>"; };
		055BC693C750426A84ED10A2 /* AFURLRequestSerialization.m */ = {isa = PBXFileReference; fileEncoding = 4; lastKnownFileType = sourcecode.c.objc; name = AFURLRequestSerialization.m; path = com.synconset.cordovaHTTP/AFURLRequestSerialization.m; sourceTree = "<group>"; };
		05D94BF55A344C798842BB0E /* Geocoder.h */ = {isa = PBXFileReference; fileEncoding = 4; lastKnownFileType = sourcecode.c.h; name = Geocoder.h; path = plugin.google.maps/Geocoder.h; sourceTree = "<group>"; };
		0FBBA703A7C040C8B27848C5 /* AFHTTPRequestOperationManager.h */ = {isa = PBXFileReference; fileEncoding = 4; lastKnownFileType = sourcecode.c.h; name = AFHTTPRequestOperationManager.h; path = com.synconset.cordovaHTTP/AFHTTPRequestOperationManager.h; sourceTree = "<group>"; };
		1048CA10F63941BC80D4303D /* GroundOverlay.h */ = {isa = PBXFileReference; fileEncoding = 4; lastKnownFileType = sourcecode.c.h; name = GroundOverlay.h; path = plugin.google.maps/GroundOverlay.h; sourceTree = "<group>"; };
		165DF78813C74C04BD9B91DA /* ImageIO.framework */ = {isa = PBXFileReference; fileEncoding = 4; lastKnownFileType = wrapper.framework; name = ImageIO.framework; path = System/Library/Frameworks/ImageIO.framework; sourceTree = SDKROOT; };
		16E1681E3FB044E5BCD99590 /* MapKit.m */ = {isa = PBXFileReference; fileEncoding = 4; lastKnownFileType = sourcecode.c.objc; name = MapKit.m; path = com.phonegap.plugins.mapkit/MapKit.m; sourceTree = "<group>"; };
		1805463153294DC1B02A27D4 /* AFURLResponseSerialization.h */ = {isa = PBXFileReference; fileEncoding = 4; lastKnownFileType = sourcecode.c.h; name = AFURLResponseSerialization.h; path = com.synconset.cordovaHTTP/AFURLResponseSerialization.h; sourceTree = "<group>"; };
		184B4D5A1F3E47BFAD8EF5E2 /* SQLitePlugin.h */ = {isa = PBXFileReference; fileEncoding = 4; lastKnownFileType = sourcecode.c.h; name = SQLitePlugin.h; path = "com.millerjames01.sqlite-plugin/SQLitePlugin.h"; sourceTree = "<group>"; };
		1A70C1032AD3413A9DA8468C /* MyPluginLayerDebugView.m */ = {isa = PBXFileReference; fileEncoding = 4; lastKnownFileType = sourcecode.c.objc; name = MyPluginLayerDebugView.m; path = plugin.google.maps/MyPluginLayerDebugView.m; sourceTree = "<group>"; };
		1C0BE4C0F6EC44DEBE08C373 /* AFURLResponseSerialization.m */ = {isa = PBXFileReference; fileEncoding = 4; lastKnownFileType = sourcecode.c.objc; name = AFURLResponseSerialization.m; path = com.synconset.cordovaHTTP/AFURLResponseSerialization.m; sourceTree = "<group>"; };
		1D3623240D0F684500981E51 /* AppDelegate.h */ = {isa = PBXFileReference; fileEncoding = 4; lastKnownFileType = sourcecode.c.h; path = AppDelegate.h; sourceTree = "<group>"; };
		1D3623250D0F684500981E51 /* AppDelegate.m */ = {isa = PBXFileReference; fileEncoding = 4; lastKnownFileType = sourcecode.c.objc; path = AppDelegate.m; sourceTree = "<group>"; };
		1D6058910D05DD3D006BFB54 /* TestGmap.app */ = {isa = PBXFileReference; explicitFileType = wrapper.application; includeInIndex = 0; path = TestGmap.app; sourceTree = BUILT_PRODUCTS_DIR; };
		1E13D17DCE8C4CF8B031C768 /* README */ = {isa = PBXFileReference; fileEncoding = 4; lastKnownFileType = unknown; name = README; path = plugin.http.request/README; sourceTree = "<group>"; };
		1ECEDE6FB28145FBAE9E352A /* TileOverlay.m */ = {isa = PBXFileReference; fileEncoding = 4; lastKnownFileType = sourcecode.c.objc; name = TileOverlay.m; path = plugin.google.maps/TileOverlay.m; sourceTree = "<group>"; };
		1FF19153E0C84B65AEE0E28A /* AFNetworkReachabilityManager.m */ = {isa = PBXFileReference; fileEncoding = 4; lastKnownFileType = sourcecode.c.objc; name = AFNetworkReachabilityManager.m; path = com.synconset.cordovaHTTP/AFNetworkReachabilityManager.m; sourceTree = "<group>"; };
		288765FC0DF74451002DB57D /* CoreGraphics.framework */ = {isa = PBXFileReference; lastKnownFileType = wrapper.framework; name = CoreGraphics.framework; path = System/Library/Frameworks/CoreGraphics.framework; sourceTree = SDKROOT; };
		28994BB9C44E43B99A46437E /* CDVFile.m */ = {isa = PBXFileReference; fileEncoding = 4; lastKnownFileType = sourcecode.c.objc; name = CDVFile.m; path = org.apache.cordova.file/CDVFile.m; sourceTree = "<group>"; };
		290D4EFC402A46778A2A7A71 /* libsqlite3.dylib */ = {isa = PBXFileReference; fileEncoding = 4; lastKnownFileType = "compiled.mach-o.dylib"; name = libsqlite3.dylib; path = usr/lib/libsqlite3.dylib; sourceTree = SDKROOT; };
		29967F5AD1EB49CDB94EBFEB /* Polygon.h */ = {isa = PBXFileReference; fileEncoding = 4; lastKnownFileType = sourcecode.c.h; name = Polygon.h; path = plugin.google.maps/Polygon.h; sourceTree = "<group>"; };
		29B97316FDCFA39411CA2CEA /* main.m */ = {isa = PBXFileReference; fileEncoding = 4; lastKnownFileType = sourcecode.c.objc; path = main.m; sourceTree = "<group>"; };
		2D680BC15749420D8F52D194 /* CDVBarcodeScanner.mm */ = {isa = PBXFileReference; fileEncoding = 4; lastKnownFileType = unknown; name = CDVBarcodeScanner.mm; path = com.phonegap.plugins.barcodescanner/CDVBarcodeScanner.mm; sourceTree = "<group>"; };
		301BF52D109A57CC0062928A /* CordovaLib.xcodeproj */ = {isa = PBXFileReference; lastKnownFileType = "wrapper.pb-project"; name = CordovaLib.xcodeproj; path = CordovaLib/CordovaLib.xcodeproj; sourceTree = "<group>"; };
		301BF56E109A69640062928A /* www */ = {isa = PBXFileReference; lastKnownFileType = folder; path = www; sourceTree = SOURCE_ROOT; };
		302D95EE14D2391D003F00A1 /* MainViewController.h */ = {isa = PBXFileReference; fileEncoding = 4; lastKnownFileType = sourcecode.c.h; path = MainViewController.h; sourceTree = "<group>"; };
		302D95EF14D2391D003F00A1 /* MainViewController.m */ = {isa = PBXFileReference; fileEncoding = 4; lastKnownFileType = sourcecode.c.objc; path = MainViewController.m; sourceTree = "<group>"; };
		302D95F014D2391D003F00A1 /* MainViewController.xib */ = {isa = PBXFileReference; fileEncoding = 4; lastKnownFileType = file.xib; path = MainViewController.xib; sourceTree = "<group>"; };
		305D5FD0115AB8F900A74A75 /* MobileCoreServices.framework */ = {isa = PBXFileReference; lastKnownFileType = wrapper.framework; name = MobileCoreServices.framework; path = System/Library/Frameworks/MobileCoreServices.framework; sourceTree = SDKROOT; };
		3088BBB7154F3926009F9C59 /* Default-Landscape@2x~ipad.png */ = {isa = PBXFileReference; lastKnownFileType = image.png; path = "Default-Landscape@2x~ipad.png"; sourceTree = "<group>"; };
		3088BBB8154F3926009F9C59 /* Default-Landscape~ipad.png */ = {isa = PBXFileReference; lastKnownFileType = image.png; path = "Default-Landscape~ipad.png"; sourceTree = "<group>"; };
		3088BBB9154F3926009F9C59 /* Default-Portrait@2x~ipad.png */ = {isa = PBXFileReference; lastKnownFileType = image.png; path = "Default-Portrait@2x~ipad.png"; sourceTree = "<group>"; };
		3088BBBA154F3926009F9C59 /* Default-Portrait~ipad.png */ = {isa = PBXFileReference; lastKnownFileType = image.png; path = "Default-Portrait~ipad.png"; sourceTree = "<group>"; };
		3088BBBB154F3926009F9C59 /* Default@2x~iphone.png */ = {isa = PBXFileReference; lastKnownFileType = image.png; path = "Default@2x~iphone.png"; sourceTree = "<group>"; };
		3088BBBC154F3926009F9C59 /* Default~iphone.png */ = {isa = PBXFileReference; lastKnownFileType = image.png; path = "Default~iphone.png"; sourceTree = "<group>"; };
		308D052E1370CCF300D202BF /* icon-72.png */ = {isa = PBXFileReference; lastKnownFileType = image.png; path = "icon-72.png"; sourceTree = "<group>"; };
		308D052F1370CCF300D202BF /* icon.png */ = {isa = PBXFileReference; lastKnownFileType = image.png; path = icon.png; sourceTree = "<group>"; };
		308D05301370CCF300D202BF /* icon@2x.png */ = {isa = PBXFileReference; lastKnownFileType = image.png; path = "icon@2x.png"; sourceTree = "<group>"; };
		30B4F2FD19D5E07200D9F7D8 /* Default-667h.png */ = {isa = PBXFileReference; lastKnownFileType = image.png; path = "Default-667h.png"; sourceTree = "<group>"; };
		30B4F2FE19D5E07200D9F7D8 /* Default-736h.png */ = {isa = PBXFileReference; lastKnownFileType = image.png; path = "Default-736h.png"; sourceTree = "<group>"; };
		30B4F2FF19D5E07200D9F7D8 /* Default-Landscape-736h.png */ = {isa = PBXFileReference; lastKnownFileType = image.png; path = "Default-Landscape-736h.png"; sourceTree = "<group>"; };
		30C1856519D5FC0A00212699 /* icon-60@3x.png */ = {isa = PBXFileReference; lastKnownFileType = image.png; path = "icon-60@3x.png"; sourceTree = "<group>"; };
		30FC414816E50CA1004E6F35 /* icon-72@2x.png */ = {isa = PBXFileReference; lastKnownFileType = image.png; path = "icon-72@2x.png"; sourceTree = "<group>"; };
		322C3B6CDD31472699A27618 /* Map.h */ = {isa = PBXFileReference; fileEncoding = 4; lastKnownFileType = sourcecode.c.h; name = Map.h; path = plugin.google.maps/Map.h; sourceTree = "<group>"; };
		32CA4F630368D1EE00C91783 /* TestGmap-Prefix.pch */ = {isa = PBXFileReference; fileEncoding = 4; lastKnownFileType = sourcecode.c.h; path = "TestGmap-Prefix.pch"; sourceTree = "<group>"; };
		34859AE2F2374CBAAFBAE81B /* AFNetworking.h */ = {isa = PBXFileReference; fileEncoding = 4; lastKnownFileType = sourcecode.c.h; name = AFNetworking.h; path = com.synconset.cordovaHTTP/AFNetworking.h; sourceTree = "<group>"; };
		3496B482F9D54D5EB096B9FA /* KmlOverlay.m */ = {isa = PBXFileReference; fileEncoding = 4; lastKnownFileType = sourcecode.c.objc; name = KmlOverlay.m; path = plugin.google.maps/KmlOverlay.m; sourceTree = "<group>"; };
		35B47F72307148DCA10B3D96 /* TextResponseSerializer.h */ = {isa = PBXFileReference; fileEncoding = 4; lastKnownFileType = sourcecode.c.h; name = TextResponseSerializer.h; path = com.synconset.cordovaHTTP/TextResponseSerializer.h; sourceTree = "<group>"; };
		35C97C076C9D44B698AD7E0C /* HTTPManager.h */ = {isa = PBXFileReference; fileEncoding = 4; lastKnownFileType = sourcecode.c.h; name = HTTPManager.h; path = com.synconset.cordovaHTTP/HTTPManager.h; sourceTree = "<group>"; };
		366F276BAC744D3788F3ED34 /* CoreData.framework */ = {isa = PBXFileReference; fileEncoding = 4; lastKnownFileType = wrapper.framework; name = CoreData.framework; path = System/Library/Frameworks/CoreData.framework; sourceTree = SDKROOT; };
		39CC04C696404BF9986CC16A /* MyPluginLayerDebugView.h */ = {isa = PBXFileReference; fileEncoding = 4; lastKnownFileType = sourcecode.c.h; name = MyPluginLayerDebugView.h; path = plugin.google.maps/MyPluginLayerDebugView.h; sourceTree = "<group>"; };
		3BA4F712DD06413591341E82 /* Security.framework */ = {isa = PBXFileReference; fileEncoding = 4; lastKnownFileType = wrapper.framework; name = Security.framework; path = System/Library/Frameworks/Security.framework; sourceTree = SDKROOT; };
		3FCA888C285E47DA97CB7C8C /* MyReachability.m */ = {isa = PBXFileReference; fileEncoding = 4; lastKnownFileType = sourcecode.c.objc; name = MyReachability.m; path = plugin.google.maps/MyReachability.m; sourceTree = "<group>"; };
		3FE10EF199CF434CB3A4ED9D /* SystemConfiguration.framework */ = {isa = PBXFileReference; fileEncoding = 4; lastKnownFileType = wrapper.framework; name = SystemConfiguration.framework; path = System/Library/Frameworks/SystemConfiguration.framework; sourceTree = SDKROOT; };
		413AF653717943C8B9029628 /* CDVAnnotation.m */ = {isa = PBXFileReference; fileEncoding = 4; lastKnownFileType = sourcecode.c.objc; name = CDVAnnotation.m; path = com.phonegap.plugins.mapkit/CDVAnnotation.m; sourceTree = "<group>"; };
		41D7396A07ED4BE5817B21FC /* HttpRequest.h */ = {isa = PBXFileReference; fileEncoding = 4; lastKnownFileType = sourcecode.c.h; name = HttpRequest.h; path = plugin.http.request/HttpRequest/HttpRequest.h; sourceTree = "<group>"; };
		43804DFC38E741349CCCECBC /* MyPluginLayer.m */ = {isa = PBXFileReference; fileEncoding = 4; lastKnownFileType = sourcecode.c.objc; name = MyPluginLayer.m; path = plugin.google.maps/MyPluginLayer.m; sourceTree = "<group>"; };
		47211C7D79554D35B73D44BE /* AFHTTPSessionManager.m */ = {isa = PBXFileReference; fileEncoding = 4; lastKnownFileType = sourcecode.c.objc; name = AFHTTPSessionManager.m; path = com.synconset.cordovaHTTP/AFHTTPSessionManager.m; sourceTree = "<group>"; };
		475DC0B285FF4D5C89854CD5 /* MapKit.framework */ = {isa = PBXFileReference; fileEncoding = 4; lastKnownFileType = wrapper.framework; name = MapKit.framework; path = System/Library/Frameworks/MapKit.framework; sourceTree = SDKROOT; };
		494FDF976AEF4087BBC14EA6 /* AFHTTPRequestOperationManager.m */ = {isa = PBXFileReference; fileEncoding = 4; lastKnownFileType = sourcecode.c.objc; name = AFHTTPRequestOperationManager.m; path = com.synconset.cordovaHTTP/AFHTTPRequestOperationManager.m; sourceTree = "<group>"; };
		4AFAD14DD7254A3DB73F673C /* zxing-all-in-one.h */ = {isa = PBXFileReference; fileEncoding = 4; lastKnownFileType = sourcecode.c.h; name = "zxing-all-in-one.h"; path = "com.phonegap.plugins.barcodescanner/zxing-all-in-one.h"; sourceTree = "<group>"; };
		4C58AD09B2A94019BB4FA607 /* GoogleMaps.m */ = {isa = PBXFileReference; fileEncoding = 4; lastKnownFileType = sourcecode.c.objc; name = GoogleMaps.m; path = plugin.google.maps/GoogleMaps.m; sourceTree = "<group>"; };
		4D3D428F7D2C472D8734B8D8 /* MyPluginScrollView.h */ = {isa = PBXFileReference; fileEncoding = 4; lastKnownFileType = sourcecode.c.h; name = MyPluginScrollView.h; path = plugin.google.maps/MyPluginScrollView.h; sourceTree = "<group>"; };
		4ED8163D4AEB4F6CB4B9F775 /* libicucore.dylib */ = {isa = PBXFileReference; fileEncoding = 4; lastKnownFileType = "compiled.mach-o.dylib"; name = libicucore.dylib; path = usr/lib/libicucore.dylib; sourceTree = SDKROOT; };
		4EFACE5AC6004412BBC36782 /* AFURLSessionManager.m */ = {isa = PBXFileReference; fileEncoding = 4; lastKnownFileType = sourcecode.c.objc; name = AFURLSessionManager.m; path = com.synconset.cordovaHTTP/AFURLSessionManager.m; sourceTree = "<group>"; };
		51F3B764D0CA43919FDCDECA /* zxing-all-in-one.cpp */ = {isa = PBXFileReference; fileEncoding = 4; lastKnownFileType = unknown; name = "zxing-all-in-one.cpp"; path = "com.phonegap.plugins.barcodescanner/zxing-all-in-one.cpp"; sourceTree = "<group>"; };
		528E3CD288A143E8A972F969 /* KmlOverlay.h */ = {isa = PBXFileReference; fileEncoding = 4; lastKnownFileType = sourcecode.c.h; name = KmlOverlay.h; path = plugin.google.maps/KmlOverlay.h; sourceTree = "<group>"; };
		53D4074D3B6A4298963202E2 /* SQLitePlugin.h */ = {isa = PBXFileReference; fileEncoding = 4; lastKnownFileType = sourcecode.c.h; name = SQLitePlugin.h; path = com.brodysoft.sqlitePlugin/SQLitePlugin.h; sourceTree = "<group>"; };
		550031CCB7F346E2A2A7AF4D /* Map.m */ = {isa = PBXFileReference; fileEncoding = 4; lastKnownFileType = sourcecode.c.objc; name = Map.m; path = plugin.google.maps/Map.m; sourceTree = "<group>"; };
		5526FE289EB94C8AA155BE89 /* AFHTTPSessionManager.h */ = {isa = PBXFileReference; fileEncoding = 4; lastKnownFileType = sourcecode.c.h; name = AFHTTPSessionManager.h; path = com.synconset.cordovaHTTP/AFHTTPSessionManager.h; sourceTree = "<group>"; };
		57C8BCC219EB402C85772C76 /* libc++.dylib */ = {isa = PBXFileReference; fileEncoding = 4; lastKnownFileType = "compiled.mach-o.dylib"; name = "libc++.dylib"; path = "usr/lib/libc++.dylib"; sourceTree = SDKROOT; };
		5B1594DC16A7569C00FEF299 /* AssetsLibrary.framework */ = {isa = PBXFileReference; lastKnownFileType = wrapper.framework; name = AssetsLibrary.framework; path = System/Library/Frameworks/AssetsLibrary.framework; sourceTree = SDKROOT; };
		5CF948C0B7D94C7DA93CA4F7 /* Polygon.m */ = {isa = PBXFileReference; fileEncoding = 4; lastKnownFileType = sourcecode.c.objc; name = Polygon.m; path = plugin.google.maps/Polygon.m; sourceTree = "<group>"; };
		6444FD6870A245FBBD0E04A0 /* AFSecurityPolicy.m */ = {isa = PBXFileReference; fileEncoding = 4; lastKnownFileType = sourcecode.c.objc; name = AFSecurityPolicy.m; path = com.synconset.cordovaHTTP/AFSecurityPolicy.m; sourceTree = "<group>"; };
		66C95BCD259341828AF349DE /* MyPluginScrollView.m */ = {isa = PBXFileReference; fileEncoding = 4; lastKnownFileType = sourcecode.c.objc; name = MyPluginScrollView.m; path = plugin.google.maps/MyPluginScrollView.m; sourceTree = "<group>"; };
		6765C9F494654DF597833B1C /* CordovaHttpPlugin.h */ = {isa = PBXFileReference; fileEncoding = 4; lastKnownFileType = sourcecode.c.h; name = CordovaHttpPlugin.h; path = com.synconset.cordovaHTTP/CordovaHttpPlugin.h; sourceTree = "<group>"; };
		6B1E2ABAF9D54533A47EA9AD /* AsyncImageView.m */ = {isa = PBXFileReference; fileEncoding = 4; lastKnownFileType = sourcecode.c.objc; name = AsyncImageView.m; path = com.phonegap.plugins.mapkit/AsyncImageView.m; sourceTree = "<group>"; };
		6BC973E0BBE640D985810FD3 /* GroundOverlay.m */ = {isa = PBXFileReference; fileEncoding = 4; lastKnownFileType = sourcecode.c.objc; name = GroundOverlay.m; path = plugin.google.maps/GroundOverlay.m; sourceTree = "<group>"; };
		6DA5A32EE751407E90932732 /* AVFoundation.framework */ = {isa = PBXFileReference; fileEncoding = 4; lastKnownFileType = wrapper.framework; name = AVFoundation.framework; path = System/Library/Frameworks/AVFoundation.framework; sourceTree = SDKROOT; };
		6E03895527964D20A5BA6686 /* TBXML.h */ = {isa = PBXFileReference; fileEncoding = 4; lastKnownFileType = sourcecode.c.h; name = TBXML.h; path = plugin.google.maps/TBXML.h; sourceTree = "<group>"; };
		6E641DD13FB84056AD2FC8E4 /* SQLitePlugin.m */ = {isa = PBXFileReference; fileEncoding = 4; lastKnownFileType = sourcecode.c.objc; name = SQLitePlugin.m; path = "com.millerjames01.sqlite-plugin/SQLitePlugin.m"; sourceTree = "<group>"; };
		750F229357904AF08C509DA5 /* CDVFile.h */ = {isa = PBXFileReference; fileEncoding = 4; lastKnownFileType = sourcecode.c.h; name = CDVFile.h; path = org.apache.cordova.file/CDVFile.h; sourceTree = "<group>"; };
		759F4AAF8CCD447C98B91E1E /* CoreVideo.framework */ = {isa = PBXFileReference; fileEncoding = 4; lastKnownFileType = wrapper.framework; name = CoreVideo.framework; path = System/Library/Frameworks/CoreVideo.framework; sourceTree = SDKROOT; };
		7637815613C54A57A0980922 /* GoogleMapsViewController.m */ = {isa = PBXFileReference; fileEncoding = 4; lastKnownFileType = sourcecode.c.objc; name = GoogleMapsViewController.m; path = plugin.google.maps/GoogleMapsViewController.m; sourceTree = "<group>"; };
		7913749FF4004CB5BEE2B580 /* MyPlgunProtocol.h */ = {isa = PBXFileReference; fileEncoding = 4; lastKnownFileType = sourcecode.c.h; name = MyPlgunProtocol.h; path = plugin.google.maps/MyPlgunProtocol.h; sourceTree = "<group>"; };
		7DC26E42953C4D2EB2BD89C1 /* NSData+Base64.podspec */ = {isa = PBXFileReference; fileEncoding = 4; lastKnownFileType = unknown; name = "NSData+Base64.podspec"; path = "plugin.google.maps/NSData+Base64.podspec"; sourceTree = "<group>"; };
		7E7966D41810823500FA85AD /* icon-40.png */ = {isa = PBXFileReference; lastKnownFileType = image.png; path = "icon-40.png"; sourceTree = "<group>"; };
		7E7966D51810823500FA85AD /* icon-40@2x.png */ = {isa = PBXFileReference; lastKnownFileType = image.png; path = "icon-40@2x.png"; sourceTree = "<group>"; };
		7E7966D61810823500FA85AD /* icon-50.png */ = {isa = PBXFileReference; lastKnownFileType = image.png; path = "icon-50.png"; sourceTree = "<group>"; };
		7E7966D71810823500FA85AD /* icon-50@2x.png */ = {isa = PBXFileReference; lastKnownFileType = image.png; path = "icon-50@2x.png"; sourceTree = "<group>"; };
		7E7966D81810823500FA85AD /* icon-60.png */ = {isa = PBXFileReference; lastKnownFileType = image.png; path = "icon-60.png"; sourceTree = "<group>"; };
		7E7966D91810823500FA85AD /* icon-60@2x.png */ = {isa = PBXFileReference; lastKnownFileType = image.png; path = "icon-60@2x.png"; sourceTree = "<group>"; };
		7E7966DA1810823500FA85AD /* icon-76.png */ = {isa = PBXFileReference; lastKnownFileType = image.png; path = "icon-76.png"; sourceTree = "<group>"; };
		7E7966DB1810823500FA85AD /* icon-76@2x.png */ = {isa = PBXFileReference; lastKnownFileType = image.png; path = "icon-76@2x.png"; sourceTree = "<group>"; };
		7E7966DC1810823500FA85AD /* icon-small.png */ = {isa = PBXFileReference; lastKnownFileType = image.png; path = "icon-small.png"; sourceTree = "<group>"; };
		7E7966DD1810823500FA85AD /* icon-small@2x.png */ = {isa = PBXFileReference; lastKnownFileType = image.png; path = "icon-small@2x.png"; sourceTree = "<group>"; };
		8340C6D715F64C4BADCCA85E /* AFNetworkReachabilityManager.h */ = {isa = PBXFileReference; fileEncoding = 4; lastKnownFileType = sourcecode.c.h; name = AFNetworkReachabilityManager.h; path = com.synconset.cordovaHTTP/AFNetworkReachabilityManager.h; sourceTree = "<group>"; };
		83A6EE3F946C47A78B4DC92E /* GoogleMaps.bundle */ = {isa = PBXFileReference; lastKnownFileType = "wrapper.plug-in"; path = GoogleMaps.bundle; sourceTree = "<group>"; };
		84370E9CEF744348996DA5BE /* External.h */ = {isa = PBXFileReference; fileEncoding = 4; lastKnownFileType = sourcecode.c.h; name = External.h; path = plugin.google.maps/External.h; sourceTree = "<group>"; };
		8468B65385BA4D83B571E196 /* AFURLSessionManager.h */ = {isa = PBXFileReference; fileEncoding = 4; lastKnownFileType = sourcecode.c.h; name = AFURLSessionManager.h; path = com.synconset.cordovaHTTP/AFURLSessionManager.h; sourceTree = "<group>"; };
		85F45DB5A8FD4874AF4D0BDD /* GoogleMaps.h */ = {isa = PBXFileReference; fileEncoding = 4; lastKnownFileType = sourcecode.c.h; name = GoogleMaps.h; path = plugin.google.maps/GoogleMaps.h; sourceTree = "<group>"; };
		8690991F2D694299888509DB /* MapKit.h */ = {isa = PBXFileReference; fileEncoding = 4; lastKnownFileType = sourcecode.c.h; name = MapKit.h; path = com.phonegap.plugins.mapkit/MapKit.h; sourceTree = "<group>"; };
		8731D58704FF43CC89599C31 /* Marker.m */ = {isa = PBXFileReference; fileEncoding = 4; lastKnownFileType = sourcecode.c.objc; name = Marker.m; path = plugin.google.maps/Marker.m; sourceTree = "<group>"; };
		893987758B304CD587D6D517 /* Circle.m */ = {isa = PBXFileReference; fileEncoding = 4; lastKnownFileType = sourcecode.c.objc; name = Circle.m; path = plugin.google.maps/Circle.m; sourceTree = "<group>"; };
		8D1107310486CEB800E47090 /* TestGmap-Info.plist */ = {isa = PBXFileReference; fileEncoding = 4; lastKnownFileType = text.plist.xml; name = "TestGmap-Info.plist"; path = "../TestGmap-Info.plist"; plistStructureDefinitionIdentifier = "com.apple.xcode.plist.structure-definition.iphone.info-plist"; sourceTree = "<group>"; };
		8E52799BDF5D496A8C311DE3 /* GLKit.framework */ = {isa = PBXFileReference; fileEncoding = 4; lastKnownFileType = wrapper.framework; name = GLKit.framework; path = System/Library/Frameworks/GLKit.framework; sourceTree = SDKROOT; };
		8F47BB10B7F94E3B9D7EAC09 /* CoreLocation.framework */ = {isa = PBXFileReference; fileEncoding = 4; lastKnownFileType = wrapper.framework; name = CoreLocation.framework; path = System/Library/Frameworks/CoreLocation.framework; sourceTree = SDKROOT; };
		920B56B1F62F42D5AEABD1DD /* AsyncImageView.h */ = {isa = PBXFileReference; fileEncoding = 4; lastKnownFileType = sourcecode.c.h; name = AsyncImageView.h; path = com.phonegap.plugins.mapkit/AsyncImageView.h; sourceTree = "<group>"; };
		9FD8BDA28F794E2CA96A8F4E /* AFURLConnectionOperation.h */ = {isa = PBXFileReference; fileEncoding = 4; lastKnownFileType = sourcecode.c.h; name = AFURLConnectionOperation.h; path = com.synconset.cordovaHTTP/AFURLConnectionOperation.h; sourceTree = "<group>"; };
		A2B8E3F2EEB54BBCBE0C2865 /* AFSecurityPolicy.h */ = {isa = PBXFileReference; fileEncoding = 4; lastKnownFileType = sourcecode.c.h; name = AFSecurityPolicy.h; path = com.synconset.cordovaHTTP/AFSecurityPolicy.h; sourceTree = "<group>"; };
		A36ADC09FEE54ACF8AF17C73 /* TBXML.m */ = {isa = PBXFileReference; fileEncoding = 4; lastKnownFileType = sourcecode.c.objc; name = TBXML.m; path = plugin.google.maps/TBXML.m; sourceTree = "<group>"; };
		A417CD3D310B49908439F9DE /* AFHTTPRequestOperation.h */ = {isa = PBXFileReference; fileEncoding = 4; lastKnownFileType = sourcecode.c.h; name = AFHTTPRequestOperation.h; path = com.synconset.cordovaHTTP/AFHTTPRequestOperation.h; sourceTree = "<group>"; };
		A436927A9CCD4B5BA1B7FACE /* PluginUtil.m */ = {isa = PBXFileReference; fileEncoding = 4; lastKnownFileType = sourcecode.c.objc; name = PluginUtil.m; path = plugin.google.maps/PluginUtil.m; sourceTree = "<group>"; };
		A59185179F3F4865828632F4 /* Circle.h */ = {isa = PBXFileReference; fileEncoding = 4; lastKnownFileType = sourcecode.c.h; name = Circle.h; path = plugin.google.maps/Circle.h; sourceTree = "<group>"; };
		A9113EDDF46D4AD090544AAC /* PluginUtil.h */ = {isa = PBXFileReference; fileEncoding = 4; lastKnownFileType = sourcecode.c.h; name = PluginUtil.h; path = plugin.google.maps/PluginUtil.h; sourceTree = "<group>"; };
		AB5F06ECACE2407788E37604 /* CoreText.framework */ = {isa = PBXFileReference; fileEncoding = 4; lastKnownFileType = wrapper.framework; name = CoreText.framework; path = System/Library/Frameworks/CoreText.framework; sourceTree = SDKROOT; };
		B1485B36079C4879928A9F00 /* BSD-LICENSE */ = {isa = PBXFileReference; fileEncoding = 4; lastKnownFileType = unknown; name = "BSD-LICENSE"; path = "plugin.http.request/HttpRequest/R9HTTPRequest/BSD-LICENSE"; sourceTree = "<group>"; };
		B2FF52AE951545D9901291D3 /* Polyline.m */ = {isa = PBXFileReference; fileEncoding = 4; lastKnownFileType = sourcecode.c.objc; name = Polyline.m; path = plugin.google.maps/Polyline.m; sourceTree = "<group>"; };
		B4794D63D0F94AE593ABC84A /* AFURLConnectionOperation.m */ = {isa = PBXFileReference; fileEncoding = 4; lastKnownFileType = sourcecode.c.objc; name = AFURLConnectionOperation.m; path = com.synconset.cordovaHTTP/AFURLConnectionOperation.m; sourceTree = "<group>"; };
		B62188E2961B4978A4F38525 /* CDVAnnotation.h */ = {isa = PBXFileReference; fileEncoding = 4; lastKnownFileType = sourcecode.c.h; name = CDVAnnotation.h; path = com.phonegap.plugins.mapkit/CDVAnnotation.h; sourceTree = "<group>"; };
		BB067496148046359CCE33E4 /* AFHTTPRequestOperation.m */ = {isa = PBXFileReference; fileEncoding = 4; lastKnownFileType = sourcecode.c.objc; name = AFHTTPRequestOperation.m; path = com.synconset.cordovaHTTP/AFHTTPRequestOperation.m; sourceTree = "<group>"; };
		BD93B40A1D90439DAFFAD839 /* TextResponseSerializer.m */ = {isa = PBXFileReference; fileEncoding = 4; lastKnownFileType = sourcecode.c.objc; name = TextResponseSerializer.m; path = com.synconset.cordovaHTTP/TextResponseSerializer.m; sourceTree = "<group>"; };
		C00E0087F73B482F8EA544A1 /* OpenGLES.framework */ = {isa = PBXFileReference; fileEncoding = 4; lastKnownFileType = wrapper.framework; name = OpenGLES.framework; path = System/Library/Frameworks/OpenGLES.framework; sourceTree = SDKROOT; };
		C1DCAD0209714E2C9385A7DA /* libz.dylib */ = {isa = PBXFileReference; fileEncoding = 4; lastKnownFileType = "compiled.mach-o.dylib"; name = libz.dylib; path = usr/lib/libz.dylib; sourceTree = SDKROOT; };
		C30ED811C1EF40C2B236213A /* QuartzCore.framework */ = {isa = PBXFileReference; fileEncoding = 4; lastKnownFileType = wrapper.framework; name = QuartzCore.framework; path = System/Library/Frameworks/QuartzCore.framework; sourceTree = SDKROOT; };
		C63288457896483FB94171AB /* NSData+Base64.h */ = {isa = PBXFileReference; fileEncoding = 4; lastKnownFileType = sourcecode.c.h; name = "NSData+Base64.h"; path = "plugin.google.maps/NSData+Base64.h"; sourceTree = "<group>"; };
		CB41461DF85046ABA1CE5528 /* TileOverlay.h */ = {isa = PBXFileReference; fileEncoding = 4; lastKnownFileType = sourcecode.c.h; name = TileOverlay.h; path = plugin.google.maps/TileOverlay.h; sourceTree = "<group>"; };
		CF2D75EAC7214773875F181F /* Geocoder.m */ = {isa = PBXFileReference; fileEncoding = 4; lastKnownFileType = sourcecode.c.objc; name = Geocoder.m; path = plugin.google.maps/Geocoder.m; sourceTree = "<group>"; };
		CF656EF41B19414A9F028C39 /* MyPluginLayer.h */ = {isa = PBXFileReference; fileEncoding = 4; lastKnownFileType = sourcecode.c.h; name = MyPluginLayer.h; path = plugin.google.maps/MyPluginLayer.h; sourceTree = "<group>"; };
		D0964E6E9A9949D186CF27E7 /* CordovaHttpPlugin.m */ = {isa = PBXFileReference; fileEncoding = 4; lastKnownFileType = sourcecode.c.objc; name = CordovaHttpPlugin.m; path = com.synconset.cordovaHTTP/CordovaHttpPlugin.m; sourceTree = "<group>"; };
		D4A0D8751607E02300AEF8BB /* Default-568h@2x~iphone.png */ = {isa = PBXFileReference; lastKnownFileType = image.png; path = "Default-568h@2x~iphone.png"; sourceTree = "<group>"; };
		D68304182E50458A95376D60 /* NSData+Base64.m */ = {isa = PBXFileReference; fileEncoding = 4; lastKnownFileType = sourcecode.c.objc; name = "NSData+Base64.m"; path = "plugin.google.maps/NSData+Base64.m"; sourceTree = "<group>"; };
		DAE82DB3A75C4184AEDB43B6 /* GoogleMapsViewController.h */ = {isa = PBXFileReference; fileEncoding = 4; lastKnownFileType = sourcecode.c.h; name = GoogleMapsViewController.h; path = plugin.google.maps/GoogleMapsViewController.h; sourceTree = "<group>"; };
		DB58EA58631042BE938E9F98 /* GoogleMaps.framework */ = {isa = PBXFileReference; lastKnownFileType = wrapper.framework; name = GoogleMaps.framework; path = TestGmap/Plugins/com.googlemaps.ios/GoogleMaps.framework; sourceTree = "<group>"; };
		DE5350F4F70A4F2CA477D3E6 /* Polyline.h */ = {isa = PBXFileReference; fileEncoding = 4; lastKnownFileType = sourcecode.c.h; name = Polyline.h; path = plugin.google.maps/Polyline.h; sourceTree = "<group>"; };
		E803C80AD8A3470D8E9EF652 /* icon.png */ = {isa = PBXFileReference; fileEncoding = 4; lastKnownFileType = unknown; path = icon.png; sourceTree = "<group>"; };
		E9A513F1ED1C44B3AC9E607D /* SQLitePlugin.m */ = {isa = PBXFileReference; fileEncoding = 4; lastKnownFileType = sourcecode.c.objc; name = SQLitePlugin.m; path = com.brodysoft.sqlitePlugin/SQLitePlugin.m; sourceTree = "<group>"; };
		EA1390BCC598402087D031F3 /* HttpRequest.m */ = {isa = PBXFileReference; fileEncoding = 4; lastKnownFileType = sourcecode.c.objc; name = HttpRequest.m; path = plugin.http.request/HttpRequest/HttpRequest.m; sourceTree = "<group>"; };
		EA82D94C2D664F138D68619A /* R9HTTPRequest.m */ = {isa = PBXFileReference; fileEncoding = 4; lastKnownFileType = sourcecode.c.objc; name = R9HTTPRequest.m; path = plugin.http.request/HttpRequest/R9HTTPRequest/R9HTTPRequest.m; sourceTree = "<group>"; };
		EB87FDF21871DA7A0020F90C /* merges */ = {isa = PBXFileReference; lastKnownFileType = folder; name = merges; path = ../../merges; sourceTree = "<group>"; };
		EB87FDF31871DA8E0020F90C /* www */ = {isa = PBXFileReference; lastKnownFileType = folder; name = www; path = ../../www; sourceTree = "<group>"; };
		EB87FDF41871DAF40020F90C /* config.xml */ = {isa = PBXFileReference; lastKnownFileType = text.xml; name = config.xml; path = ../../config.xml; sourceTree = "<group>"; };
		EC4D1C503EB2486EB5F20CA4 /* External.m */ = {isa = PBXFileReference; fileEncoding = 4; lastKnownFileType = sourcecode.c.objc; name = External.m; path = plugin.google.maps/External.m; sourceTree = "<group>"; };
		EEF9F98904CA443C980713E4 /* AFURLRequestSerialization.h */ = {isa = PBXFileReference; fileEncoding = 4; lastKnownFileType = sourcecode.c.h; name = AFURLRequestSerialization.h; path = com.synconset.cordovaHTTP/AFURLRequestSerialization.h; sourceTree = "<group>"; };
		F05A87959AFE4C858AB31CD4 /* Marker.h */ = {isa = PBXFileReference; fileEncoding = 4; lastKnownFileType = sourcecode.c.h; name = Marker.h; path = plugin.google.maps/Marker.h; sourceTree = "<group>"; };
		F3491502796148ECBFCE1402 /* libiconv.dylib */ = {isa = PBXFileReference; fileEncoding = 4; lastKnownFileType = "compiled.mach-o.dylib"; name = libiconv.dylib; path = usr/lib/libiconv.dylib; sourceTree = SDKROOT; };
		F3AC160F8C884CE1A896E029 /* R9HTTPRequest.h */ = {isa = PBXFileReference; fileEncoding = 4; lastKnownFileType = sourcecode.c.h; name = R9HTTPRequest.h; path = plugin.http.request/HttpRequest/R9HTTPRequest/R9HTTPRequest.h; sourceTree = "<group>"; };
		F528DC504C374EA084AA2B99 /* HTTPManager.m */ = {isa = PBXFileReference; fileEncoding = 4; lastKnownFileType = sourcecode.c.objc; name = HTTPManager.m; path = com.synconset.cordovaHTTP/HTTPManager.m; sourceTree = "<group>"; };
		F776F381073A45CE9AA3E779 /* scannerOverlay.xib */ = {isa = PBXFileReference; fileEncoding = 4; lastKnownFileType = file.xib; path = scannerOverlay.xib; sourceTree = "<group>"; };
		F840E1F0165FE0F500CFE078 /* config.xml */ = {isa = PBXFileReference; lastKnownFileType = text.xml; name = config.xml; path = TestGmap/config.xml; sourceTree = "<group>"; };
/* End PBXFileReference section */

/* Begin PBXFrameworksBuildPhase section */
		1D60588F0D05DD3D006BFB54 /* Frameworks */ = {
			isa = PBXFrameworksBuildPhase;
			buildActionMask = 2147483647;
			files = (
				A73369C18C6642299A83635B /* SystemConfiguration.framework in Frameworks */,
				5B1594DD16A7569C00FEF299 /* AssetsLibrary.framework in Frameworks */,
				301BF552109A68D80062928A /* libCordova.a in Frameworks */,
				288765FD0DF74451002DB57D /* CoreGraphics.framework in Frameworks */,
				305D5FD1115AB8F900A74A75 /* MobileCoreServices.framework in Frameworks */,
				BDD791541DCC422182DB04ED /* MapKit.framework in Frameworks */,
				4F7C8B05ABB0453688F58B42 /* GoogleMaps.framework in Frameworks */,
				3FCF86B6107A48A299DF45DB /* AVFoundation.framework in Frameworks */,
				CA664114744E402CBE749DFA /* CoreData.framework in Frameworks */,
				401C52BEE3E74E6F93290FA0 /* CoreLocation.framework in Frameworks */,
				F058A0A0A04F48069782EE6A /* CoreText.framework in Frameworks */,
				99EF4A60E82D4755AB5A1B9B /* GLKit.framework in Frameworks */,
				31998BAD19054E0BBD96C3F7 /* ImageIO.framework in Frameworks */,
				DDC9A8E8F0124093A709E8E3 /* libc++.dylib in Frameworks */,
				D7036EF7397242508208FFEB /* libicucore.dylib in Frameworks */,
				2C22B010444C4D4297E9629F /* libz.dylib in Frameworks */,
				48D19559A7FE48959ABA3529 /* OpenGLES.framework in Frameworks */,
				584A95DD01564673AEEA9E5B /* QuartzCore.framework in Frameworks */,
				16248E9BC3824CC1820E4526 /* Security.framework in Frameworks */,
				251539FADAF744D885229B4B /* libsqlite3.dylib in Frameworks */,
				41EFA469C2444621AFCA10A2 /* libiconv.dylib in Frameworks */,
				60CFD701EE304D6BBDBA759F /* CoreVideo.framework in Frameworks */,
			);
			runOnlyForDeploymentPostprocessing = 0;
		};
/* End PBXFrameworksBuildPhase section */

/* Begin PBXGroup section */
		080E96DDFE201D6D7F000001 /* Classes */ = {
			isa = PBXGroup;
			children = (
				302D95EE14D2391D003F00A1 /* MainViewController.h */,
				302D95EF14D2391D003F00A1 /* MainViewController.m */,
				302D95F014D2391D003F00A1 /* MainViewController.xib */,
				1D3623240D0F684500981E51 /* AppDelegate.h */,
				1D3623250D0F684500981E51 /* AppDelegate.m */,
			);
			name = Classes;
			path = TestGmap/Classes;
			sourceTree = SOURCE_ROOT;
		};
		19C28FACFE9D520D11CA2CBB /* Products */ = {
			isa = PBXGroup;
			children = (
				1D6058910D05DD3D006BFB54 /* TestGmap.app */,
			);
			name = Products;
			sourceTree = "<group>";
		};
		29B97314FDCFA39411CA2CEA /* CustomTemplate */ = {
			isa = PBXGroup;
			children = (
				EB87FDF41871DAF40020F90C /* config.xml */,
				EB87FDF31871DA8E0020F90C /* www */,
				EB87FDF21871DA7A0020F90C /* merges */,
				EB87FDF11871DA420020F90C /* Staging */,
				301BF52D109A57CC0062928A /* CordovaLib.xcodeproj */,
				080E96DDFE201D6D7F000001 /* Classes */,
				307C750510C5A3420062BCA9 /* Plugins */,
				29B97315FDCFA39411CA2CEA /* Other Sources */,
				29B97317FDCFA39411CA2CEA /* Resources */,
				29B97323FDCFA39411CA2CEA /* Frameworks */,
				19C28FACFE9D520D11CA2CBB /* Products */,
			);
			name = CustomTemplate;
			sourceTree = "<group>";
		};
		29B97315FDCFA39411CA2CEA /* Other Sources */ = {
			isa = PBXGroup;
			children = (
				32CA4F630368D1EE00C91783 /* TestGmap-Prefix.pch */,
				29B97316FDCFA39411CA2CEA /* main.m */,
			);
			name = "Other Sources";
			path = TestGmap;
			sourceTree = "<group>";
		};
		29B97317FDCFA39411CA2CEA /* Resources */ = {
			isa = PBXGroup;
			children = (
				308D052D1370CCF300D202BF /* icons */,
				308D05311370CCF300D202BF /* splash */,
				8D1107310486CEB800E47090 /* TestGmap-Info.plist */,
				E803C80AD8A3470D8E9EF652 /* icon.png */,
				83A6EE3F946C47A78B4DC92E /* GoogleMaps.bundle */,
				F776F381073A45CE9AA3E779 /* scannerOverlay.xib */,
			);
			name = Resources;
			path = TestGmap/Resources;
			sourceTree = "<group>";
		};
		29B97323FDCFA39411CA2CEA /* Frameworks */ = {
			isa = PBXGroup;
			children = (
				5B1594DC16A7569C00FEF299 /* AssetsLibrary.framework */,
				288765FC0DF74451002DB57D /* CoreGraphics.framework */,
				305D5FD0115AB8F900A74A75 /* MobileCoreServices.framework */,
				475DC0B285FF4D5C89854CD5 /* MapKit.framework */,
				DB58EA58631042BE938E9F98 /* GoogleMaps.framework */,
				6DA5A32EE751407E90932732 /* AVFoundation.framework */,
				366F276BAC744D3788F3ED34 /* CoreData.framework */,
				8F47BB10B7F94E3B9D7EAC09 /* CoreLocation.framework */,
				AB5F06ECACE2407788E37604 /* CoreText.framework */,
				8E52799BDF5D496A8C311DE3 /* GLKit.framework */,
				165DF78813C74C04BD9B91DA /* ImageIO.framework */,
				57C8BCC219EB402C85772C76 /* libc++.dylib */,
				4ED8163D4AEB4F6CB4B9F775 /* libicucore.dylib */,
				C1DCAD0209714E2C9385A7DA /* libz.dylib */,
				C00E0087F73B482F8EA544A1 /* OpenGLES.framework */,
				C30ED811C1EF40C2B236213A /* QuartzCore.framework */,
				3FE10EF199CF434CB3A4ED9D /* SystemConfiguration.framework */,
				3BA4F712DD06413591341E82 /* Security.framework */,
				290D4EFC402A46778A2A7A71 /* libsqlite3.dylib */,
				F3491502796148ECBFCE1402 /* libiconv.dylib */,
				759F4AAF8CCD447C98B91E1E /* CoreVideo.framework */,
			);
			name = Frameworks;
			sourceTree = "<group>";
		};
		301BF52E109A57CC0062928A /* Products */ = {
			isa = PBXGroup;
			children = (
				301BF535109A57CC0062928A /* libCordova.a */,
			);
			name = Products;
			sourceTree = "<group>";
		};
		307C750510C5A3420062BCA9 /* Plugins */ = {
			isa = PBXGroup;
			children = (
				6B1E2ABAF9D54533A47EA9AD /* AsyncImageView.m */,
				413AF653717943C8B9029628 /* CDVAnnotation.m */,
				16E1681E3FB044E5BCD99590 /* MapKit.m */,
				920B56B1F62F42D5AEABD1DD /* AsyncImageView.h */,
				B62188E2961B4978A4F38525 /* CDVAnnotation.h */,
				8690991F2D694299888509DB /* MapKit.h */,
				EA1390BCC598402087D031F3 /* HttpRequest.m */,
				EA82D94C2D664F138D68619A /* R9HTTPRequest.m */,
				1E13D17DCE8C4CF8B031C768 /* README */,
				B1485B36079C4879928A9F00 /* BSD-LICENSE */,
				41D7396A07ED4BE5817B21FC /* HttpRequest.h */,
				F3AC160F8C884CE1A896E029 /* R9HTTPRequest.h */,
				893987758B304CD587D6D517 /* Circle.m */,
				EC4D1C503EB2486EB5F20CA4 /* External.m */,
				CF2D75EAC7214773875F181F /* Geocoder.m */,
				4C58AD09B2A94019BB4FA607 /* GoogleMaps.m */,
				7637815613C54A57A0980922 /* GoogleMapsViewController.m */,
				6BC973E0BBE640D985810FD3 /* GroundOverlay.m */,
				3496B482F9D54D5EB096B9FA /* KmlOverlay.m */,
				550031CCB7F346E2A2A7AF4D /* Map.m */,
				8731D58704FF43CC89599C31 /* Marker.m */,
				A436927A9CCD4B5BA1B7FACE /* PluginUtil.m */,
				5CF948C0B7D94C7DA93CA4F7 /* Polygon.m */,
				B2FF52AE951545D9901291D3 /* Polyline.m */,
				A36ADC09FEE54ACF8AF17C73 /* TBXML.m */,
				1ECEDE6FB28145FBAE9E352A /* TileOverlay.m */,
				D68304182E50458A95376D60 /* NSData+Base64.m */,
				43804DFC38E741349CCCECBC /* MyPluginLayer.m */,
				3FCA888C285E47DA97CB7C8C /* MyReachability.m */,
				1A70C1032AD3413A9DA8468C /* MyPluginLayerDebugView.m */,
				66C95BCD259341828AF349DE /* MyPluginScrollView.m */,
				A59185179F3F4865828632F4 /* Circle.h */,
				84370E9CEF744348996DA5BE /* External.h */,
				05D94BF55A344C798842BB0E /* Geocoder.h */,
				85F45DB5A8FD4874AF4D0BDD /* GoogleMaps.h */,
				DAE82DB3A75C4184AEDB43B6 /* GoogleMapsViewController.h */,
				1048CA10F63941BC80D4303D /* GroundOverlay.h */,
				528E3CD288A143E8A972F969 /* KmlOverlay.h */,
				322C3B6CDD31472699A27618 /* Map.h */,
				F05A87959AFE4C858AB31CD4 /* Marker.h */,
				7913749FF4004CB5BEE2B580 /* MyPlgunProtocol.h */,
				A9113EDDF46D4AD090544AAC /* PluginUtil.h */,
				29967F5AD1EB49CDB94EBFEB /* Polygon.h */,
				DE5350F4F70A4F2CA477D3E6 /* Polyline.h */,
				6E03895527964D20A5BA6686 /* TBXML.h */,
				CB41461DF85046ABA1CE5528 /* TileOverlay.h */,
				C63288457896483FB94171AB /* NSData+Base64.h */,
				7DC26E42953C4D2EB2BD89C1 /* NSData+Base64.podspec */,
				CF656EF41B19414A9F028C39 /* MyPluginLayer.h */,
				00E9CC71A57047D5B41F2E28 /* MyReachability.h */,
				39CC04C696404BF9986CC16A /* MyPluginLayerDebugView.h */,
				4D3D428F7D2C472D8734B8D8 /* MyPluginScrollView.h */,
				28994BB9C44E43B99A46437E /* CDVFile.m */,
				750F229357904AF08C509DA5 /* CDVFile.h */,
				D0964E6E9A9949D186CF27E7 /* CordovaHttpPlugin.m */,
				F528DC504C374EA084AA2B99 /* HTTPManager.m */,
				BD93B40A1D90439DAFFAD839 /* TextResponseSerializer.m */,
				BB067496148046359CCE33E4 /* AFHTTPRequestOperation.m */,
				494FDF976AEF4087BBC14EA6 /* AFHTTPRequestOperationManager.m */,
				47211C7D79554D35B73D44BE /* AFHTTPSessionManager.m */,
				1FF19153E0C84B65AEE0E28A /* AFNetworkReachabilityManager.m */,
				6444FD6870A245FBBD0E04A0 /* AFSecurityPolicy.m */,
				B4794D63D0F94AE593ABC84A /* AFURLConnectionOperation.m */,
				055BC693C750426A84ED10A2 /* AFURLRequestSerialization.m */,
				1C0BE4C0F6EC44DEBE08C373 /* AFURLResponseSerialization.m */,
				4EFACE5AC6004412BBC36782 /* AFURLSessionManager.m */,
				6765C9F494654DF597833B1C /* CordovaHttpPlugin.h */,
				35C97C076C9D44B698AD7E0C /* HTTPManager.h */,
				35B47F72307148DCA10B3D96 /* TextResponseSerializer.h */,
				A417CD3D310B49908439F9DE /* AFHTTPRequestOperation.h */,
				0FBBA703A7C040C8B27848C5 /* AFHTTPRequestOperationManager.h */,
				5526FE289EB94C8AA155BE89 /* AFHTTPSessionManager.h */,
				34859AE2F2374CBAAFBAE81B /* AFNetworking.h */,
				8340C6D715F64C4BADCCA85E /* AFNetworkReachabilityManager.h */,
				A2B8E3F2EEB54BBCBE0C2865 /* AFSecurityPolicy.h */,
				9FD8BDA28F794E2CA96A8F4E /* AFURLConnectionOperation.h */,
				EEF9F98904CA443C980713E4 /* AFURLRequestSerialization.h */,
				1805463153294DC1B02A27D4 /* AFURLResponseSerialization.h */,
				8468B65385BA4D83B571E196 /* AFURLSessionManager.h */,
				E9A513F1ED1C44B3AC9E607D /* SQLitePlugin.m */,
				53D4074D3B6A4298963202E2 /* SQLitePlugin.h */,
				6E641DD13FB84056AD2FC8E4 /* SQLitePlugin.m */,
				184B4D5A1F3E47BFAD8EF5E2 /* SQLitePlugin.h */,
				2D680BC15749420D8F52D194 /* CDVBarcodeScanner.mm */,
				51F3B764D0CA43919FDCDECA /* zxing-all-in-one.cpp */,
				4AFAD14DD7254A3DB73F673C /* zxing-all-in-one.h */,
			);
			name = Plugins;
			path = TestGmap/Plugins;
			sourceTree = SOURCE_ROOT;
		};
		308D052D1370CCF300D202BF /* icons */ = {
			isa = PBXGroup;
			children = (
				30C1856519D5FC0A00212699 /* icon-60@3x.png */,
				7E7966D41810823500FA85AD /* icon-40.png */,
				7E7966D51810823500FA85AD /* icon-40@2x.png */,
				7E7966D61810823500FA85AD /* icon-50.png */,
				7E7966D71810823500FA85AD /* icon-50@2x.png */,
				7E7966D81810823500FA85AD /* icon-60.png */,
				7E7966D91810823500FA85AD /* icon-60@2x.png */,
				7E7966DA1810823500FA85AD /* icon-76.png */,
				7E7966DB1810823500FA85AD /* icon-76@2x.png */,
				7E7966DC1810823500FA85AD /* icon-small.png */,
				7E7966DD1810823500FA85AD /* icon-small@2x.png */,
				30FC414816E50CA1004E6F35 /* icon-72@2x.png */,
				308D052E1370CCF300D202BF /* icon-72.png */,
				308D052F1370CCF300D202BF /* icon.png */,
				308D05301370CCF300D202BF /* icon@2x.png */,
			);
			path = icons;
			sourceTree = "<group>";
		};
		308D05311370CCF300D202BF /* splash */ = {
			isa = PBXGroup;
			children = (
				30B4F2FD19D5E07200D9F7D8 /* Default-667h.png */,
				30B4F2FE19D5E07200D9F7D8 /* Default-736h.png */,
				30B4F2FF19D5E07200D9F7D8 /* Default-Landscape-736h.png */,
				D4A0D8751607E02300AEF8BB /* Default-568h@2x~iphone.png */,
				3088BBB7154F3926009F9C59 /* Default-Landscape@2x~ipad.png */,
				3088BBB8154F3926009F9C59 /* Default-Landscape~ipad.png */,
				3088BBB9154F3926009F9C59 /* Default-Portrait@2x~ipad.png */,
				3088BBBA154F3926009F9C59 /* Default-Portrait~ipad.png */,
				3088BBBB154F3926009F9C59 /* Default@2x~iphone.png */,
				3088BBBC154F3926009F9C59 /* Default~iphone.png */,
			);
			path = splash;
			sourceTree = "<group>";
		};
		EB87FDF11871DA420020F90C /* Staging */ = {
			isa = PBXGroup;
			children = (
				F840E1F0165FE0F500CFE078 /* config.xml */,
				301BF56E109A69640062928A /* www */,
			);
			name = Staging;
			sourceTree = "<group>";
		};
/* End PBXGroup section */

/* Begin PBXNativeTarget section */
		1D6058900D05DD3D006BFB54 /* TestGmap */ = {
			isa = PBXNativeTarget;
			buildConfigurationList = 1D6058960D05DD3E006BFB54 /* Build configuration list for PBXNativeTarget "TestGmap" */;
			buildPhases = (
				304B58A110DAC018002A0835 /* Copy www directory */,
				1D60588D0D05DD3D006BFB54 /* Resources */,
				1D60588E0D05DD3D006BFB54 /* Sources */,
				1D60588F0D05DD3D006BFB54 /* Frameworks */,
			);
			buildRules = (
			);
			dependencies = (
				301BF551109A68C00062928A /* PBXTargetDependency */,
			);
			name = TestGmap;
			productName = TestGmap;
			productReference = 1D6058910D05DD3D006BFB54 /* TestGmap.app */;
			productType = "com.apple.product-type.application";
		};
/* End PBXNativeTarget section */

/* Begin PBXProject section */
		29B97313FDCFA39411CA2CEA /* Project object */ = {
			isa = PBXProject;
			attributes = {
				LastUpgradeCheck = 510;
			};
			buildConfigurationList = C01FCF4E08A954540054247B /* Build configuration list for PBXProject "TestGmap" */;
			compatibilityVersion = "Xcode 3.2";
			developmentRegion = English;
			hasScannedForEncodings = 1;
			knownRegions = (
				English,
				Japanese,
				French,
				German,
				en,
				es,
				de,
				se,
			);
			mainGroup = 29B97314FDCFA39411CA2CEA /* CustomTemplate */;
			projectDirPath = "";
			projectReferences = (
				{
					ProductGroup = 301BF52E109A57CC0062928A /* Products */;
					ProjectRef = 301BF52D109A57CC0062928A /* CordovaLib.xcodeproj */;
				},
			);
			projectRoot = "";
			targets = (
				1D6058900D05DD3D006BFB54 /* TestGmap */,
			);
		};
/* End PBXProject section */

/* Begin PBXReferenceProxy section */
		301BF535109A57CC0062928A /* libCordova.a */ = {
			isa = PBXReferenceProxy;
			fileType = archive.ar;
			path = libCordova.a;
			remoteRef = 301BF534109A57CC0062928A /* PBXContainerItemProxy */;
			sourceTree = BUILT_PRODUCTS_DIR;
		};
/* End PBXReferenceProxy section */

/* Begin PBXResourcesBuildPhase section */
		1D60588D0D05DD3D006BFB54 /* Resources */ = {
			isa = PBXResourcesBuildPhase;
			buildActionMask = 2147483647;
			files = (
				7E7966E41810823500FA85AD /* icon-76.png in Resources */,
				7E7966DF1810823500FA85AD /* icon-40@2x.png in Resources */,
				308D05371370CCF300D202BF /* icon-72.png in Resources */,
				30B4F30119D5E07200D9F7D8 /* Default-736h.png in Resources */,
				308D05381370CCF300D202BF /* icon.png in Resources */,
				308D05391370CCF300D202BF /* icon@2x.png in Resources */,
				302D95F214D2391D003F00A1 /* MainViewController.xib in Resources */,
				7E7966E01810823500FA85AD /* icon-50.png in Resources */,
				7E7966E31810823500FA85AD /* icon-60@2x.png in Resources */,
				7E7966E61810823500FA85AD /* icon-small.png in Resources */,
				3088BBBD154F3926009F9C59 /* Default-Landscape@2x~ipad.png in Resources */,
				3088BBBE154F3926009F9C59 /* Default-Landscape~ipad.png in Resources */,
				3088BBBF154F3926009F9C59 /* Default-Portrait@2x~ipad.png in Resources */,
				7E7966E71810823500FA85AD /* icon-small@2x.png in Resources */,
				3088BBC0154F3926009F9C59 /* Default-Portrait~ipad.png in Resources */,
				30B4F30019D5E07200D9F7D8 /* Default-667h.png in Resources */,
				7E7966DE1810823500FA85AD /* icon-40.png in Resources */,
				3088BBC1154F3926009F9C59 /* Default@2x~iphone.png in Resources */,
				7E7966E21810823500FA85AD /* icon-60.png in Resources */,
				3088BBC2154F3926009F9C59 /* Default~iphone.png in Resources */,
				D4A0D8761607E02300AEF8BB /* Default-568h@2x~iphone.png in Resources */,
				30B4F30219D5E07200D9F7D8 /* Default-Landscape-736h.png in Resources */,
				30C1856619D5FC0A00212699 /* icon-60@3x.png in Resources */,
				7E7966E11810823500FA85AD /* icon-50@2x.png in Resources */,
				7E7966E51810823500FA85AD /* icon-76@2x.png in Resources */,
				30FC414916E50CA1004E6F35 /* icon-72@2x.png in Resources */,
				BE53F3D4DA5B41D3A95B099F /* icon.png in Resources */,
				57A493A34E824EEB9152EF06 /* GoogleMaps.bundle in Resources */,
				CBAC56DF6E9A41C29C120D57 /* scannerOverlay.xib in Resources */,
			);
			runOnlyForDeploymentPostprocessing = 0;
		};
/* End PBXResourcesBuildPhase section */

/* Begin PBXShellScriptBuildPhase section */
		304B58A110DAC018002A0835 /* Copy www directory */ = {
			isa = PBXShellScriptBuildPhase;
			buildActionMask = 2147483647;
			files = (
			);
			inputPaths = (
			);
			name = "Copy www directory";
			outputPaths = (
			);
			runOnlyForDeploymentPostprocessing = 0;
			shellPath = /bin/sh;
			shellScript = "cordova/lib/copy-www-build-step.sh";
			showEnvVarsInLog = 0;
		};
/* End PBXShellScriptBuildPhase section */

/* Begin PBXSourcesBuildPhase section */
		1D60588E0D05DD3D006BFB54 /* Sources */ = {
			isa = PBXSourcesBuildPhase;
			buildActionMask = 2147483647;
			files = (
				1D60589B0D05DD56006BFB54 /* main.m in Sources */,
				1D3623260D0F684500981E51 /* AppDelegate.m in Sources */,
				302D95F114D2391D003F00A1 /* MainViewController.m in Sources */,
				AD09920C7B7D40B186D6DECF /* AsyncImageView.m in Sources */,
				F7428BC20CBC4A839D7257B7 /* CDVAnnotation.m in Sources */,
				6FE1949D0EBE4F71AAF4E4B1 /* MapKit.m in Sources */,
				FDFF57329E494F64B0DCD93F /* HttpRequest.m in Sources */,
				22E81A1E9D664699A2FE3135 /* R9HTTPRequest.m in Sources */,
				482BB2B4287143438689361C /* README in Sources */,
				332C771FF8514CDDA23DD149 /* BSD-LICENSE in Sources */,
				2D69B2BE5CAE49B998428258 /* Circle.m in Sources */,
				1715BEDDC6D643618A1A1FCE /* External.m in Sources */,
				312DD03A2E4E4B17966E64A4 /* Geocoder.m in Sources */,
				8A44BE9E092B4392AB959E99 /* GoogleMaps.m in Sources */,
				EF668CD411534D6484271667 /* GoogleMapsViewController.m in Sources */,
				762B6445E5344EA2A4471590 /* GroundOverlay.m in Sources */,
				41B6D01F9AE94DAC8F3502A9 /* KmlOverlay.m in Sources */,
				60C8C9A1E12C4FEC9A9A3392 /* Map.m in Sources */,
				ACD531C054CC45C89D29ADFA /* Marker.m in Sources */,
				AA22623FABEB4BBCB4715A13 /* PluginUtil.m in Sources */,
				6F5C591132C44539B46C06B7 /* Polygon.m in Sources */,
				9BCD79DCDD80421DB817637F /* Polyline.m in Sources */,
				E4AAC22BE2FA49B78A18CD78 /* TBXML.m in Sources */,
				358A93B7D9344BF48F20AEAB /* TileOverlay.m in Sources */,
				96F8860D280F40A7983AFE10 /* NSData+Base64.m in Sources */,
				72ECF5ADE0A844569FA4EC30 /* MyPluginLayer.m in Sources */,
				C4D7A9E98B8748E68BBD1004 /* MyReachability.m in Sources */,
				CA863E233BB04DC78983C44C /* MyPluginLayerDebugView.m in Sources */,
				2E2838FF1A0147ACA6D3BD58 /* MyPluginScrollView.m in Sources */,
				7609D36225564213924C8786 /* CDVFile.m in Sources */,
				A07AE0F6EAD2476C97A92D32 /* CordovaHttpPlugin.m in Sources */,
				0E8F8583B68445C388A4028A /* HTTPManager.m in Sources */,
				3E61356E04EB48D49D4A2851 /* TextResponseSerializer.m in Sources */,
				FDFA1A90D28D4B449A47D7E6 /* AFHTTPRequestOperation.m in Sources */,
				132F0B0305EF498BBD1FF8C4 /* AFHTTPRequestOperationManager.m in Sources */,
				8A9A5E4BDFC2441481202144 /* AFHTTPSessionManager.m in Sources */,
				DB496378CBBF48EB963E95B1 /* AFNetworkReachabilityManager.m in Sources */,
				1987484C4F514CBE9A6FA819 /* AFSecurityPolicy.m in Sources */,
				3AB7E683CD8B45D7A5291F66 /* AFURLConnectionOperation.m in Sources */,
				331CFBEE184542DAADCC8731 /* AFURLRequestSerialization.m in Sources */,
				31EC7A6DCABF47519AA46E34 /* AFURLResponseSerialization.m in Sources */,
				BF7B911ECD534484B382FBD8 /* AFURLSessionManager.m in Sources */,
				7BE9003F1BD54771B949F210 /* SQLitePlugin.m in Sources */,
				AF07F8E5A4434418A6F3277D /* CDVBarcodeScanner.mm in Sources */,
				C9FC7A428A95434CBEF51CBF /* zxing-all-in-one.cpp in Sources */,
			);
			runOnlyForDeploymentPostprocessing = 0;
		};
/* End PBXSourcesBuildPhase section */

/* Begin PBXTargetDependency section */
		301BF551109A68C00062928A /* PBXTargetDependency */ = {
			isa = PBXTargetDependency;
			name = CordovaLib;
			targetProxy = 301BF550109A68C00062928A /* PBXContainerItemProxy */;
		};
/* End PBXTargetDependency section */

/* Begin XCBuildConfiguration section */
		1D6058940D05DD3E006BFB54 /* Debug */ = {
			isa = XCBuildConfiguration;
			buildSettings = {
				ALWAYS_SEARCH_USER_PATHS = NO;
				CLANG_ENABLE_OBJC_ARC = YES;
				COPY_PHASE_STRIP = NO;
				FRAMEWORK_SEARCH_PATHS = (
					"$(inherited)",
					"\"TestGmap/Plugins/com.googlemaps.ios\"",
				);
				GCC_DYNAMIC_NO_PIC = NO;
				GCC_OPTIMIZATION_LEVEL = 0;
				GCC_PRECOMPILE_PREFIX_HEADER = YES;
				GCC_PREFIX_HEADER = "TestGmap/TestGmap-Prefix.pch";
				GCC_THUMB_SUPPORT = NO;
				GCC_VERSION = "";
				INFOPLIST_FILE = "TestGmap/TestGmap-Info.plist";
				IPHONEOS_DEPLOYMENT_TARGET = 6.0;
				OTHER_LDFLAGS = (
					"-weak_framework",
					CoreFoundation,
					"-weak_framework",
					UIKit,
					"-weak_framework",
					AVFoundation,
					"-weak_framework",
					CoreMedia,
					"-weak-lSystem",
					"-ObjC",
				);
				PRODUCT_NAME = TestGmap;
				TARGETED_DEVICE_FAMILY = "1,2";
			};
			name = Debug;
		};
		1D6058950D05DD3E006BFB54 /* Release */ = {
			isa = XCBuildConfiguration;
			buildSettings = {
				ALWAYS_SEARCH_USER_PATHS = NO;
				CLANG_ENABLE_OBJC_ARC = YES;
				COPY_PHASE_STRIP = YES;
				FRAMEWORK_SEARCH_PATHS = (
					"$(inherited)",
					"\"TestGmap/Plugins/com.googlemaps.ios\"",
				);
				GCC_PRECOMPILE_PREFIX_HEADER = YES;
				GCC_PREFIX_HEADER = "TestGmap/TestGmap-Prefix.pch";
				GCC_THUMB_SUPPORT = NO;
				GCC_VERSION = "";
				INFOPLIST_FILE = "TestGmap/TestGmap-Info.plist";
				IPHONEOS_DEPLOYMENT_TARGET = 6.0;
				OTHER_LDFLAGS = (
					"-weak_framework",
					CoreFoundation,
					"-weak_framework",
					UIKit,
					"-weak_framework",
					AVFoundation,
					"-weak_framework",
					CoreMedia,
					"-weak-lSystem",
					"-ObjC",
				);
				PRODUCT_NAME = TestGmap;
				TARGETED_DEVICE_FAMILY = "1,2";
			};
			name = Release;
		};
		C01FCF4F08A954540054247B /* Debug */ = {
			isa = XCBuildConfiguration;
			buildSettings = {
				CLANG_ENABLE_OBJC_ARC = YES;
				CLANG_WARN_BOOL_CONVERSION = YES;
				CLANG_WARN_CONSTANT_CONVERSION = YES;
				CLANG_WARN_EMPTY_BODY = YES;
				CLANG_WARN_ENUM_CONVERSION = YES;
				CLANG_WARN_INT_CONVERSION = YES;
				CLANG_WARN__DUPLICATE_METHOD_MATCH = YES;
				"CODE_SIGN_IDENTITY[sdk=iphoneos*]" = "iPhone Developer";
				GCC_C_LANGUAGE_STANDARD = c99;
				GCC_THUMB_SUPPORT = NO;
				GCC_VERSION = "";
				GCC_WARN_ABOUT_RETURN_TYPE = YES;
				GCC_WARN_UNDECLARED_SELECTOR = YES;
				GCC_WARN_UNINITIALIZED_AUTOS = YES;
				GCC_WARN_UNUSED_FUNCTION = YES;
				GCC_WARN_UNUSED_VARIABLE = YES;
				HEADER_SEARCH_PATHS = (
					"\"$(TARGET_BUILD_DIR)/usr/local/lib/include\"",
					"\"$(OBJROOT)/UninstalledProducts/include\"",
					"\"$(BUILT_PRODUCTS_DIR)\"",
				);
				IPHONEOS_DEPLOYMENT_TARGET = 6.0;
				ONLY_ACTIVE_ARCH = YES;
				OTHER_LDFLAGS = (
					"-weak_framework",
					CoreFoundation,
					"-weak_framework",
					UIKit,
					"-weak_framework",
					AVFoundation,
					"-weak_framework",
					CoreMedia,
					"-weak-lSystem",
					"-ObjC",
				);
				SDKROOT = iphoneos;
				SKIP_INSTALL = NO;
				USER_HEADER_SEARCH_PATHS = "";
			};
			name = Debug;
		};
		C01FCF5008A954540054247B /* Release */ = {
			isa = XCBuildConfiguration;
			buildSettings = {
				CLANG_ENABLE_OBJC_ARC = YES;
				CLANG_WARN_BOOL_CONVERSION = YES;
				CLANG_WARN_CONSTANT_CONVERSION = YES;
				CLANG_WARN_EMPTY_BODY = YES;
				CLANG_WARN_ENUM_CONVERSION = YES;
				CLANG_WARN_INT_CONVERSION = YES;
				CLANG_WARN__DUPLICATE_METHOD_MATCH = YES;
				"CODE_SIGN_IDENTITY[sdk=iphoneos*]" = "iPhone Developer";
				GCC_C_LANGUAGE_STANDARD = c99;
				GCC_THUMB_SUPPORT = NO;
				GCC_VERSION = "";
				GCC_WARN_ABOUT_RETURN_TYPE = YES;
				GCC_WARN_UNDECLARED_SELECTOR = YES;
				GCC_WARN_UNINITIALIZED_AUTOS = YES;
				GCC_WARN_UNUSED_FUNCTION = YES;
				GCC_WARN_UNUSED_VARIABLE = YES;
				HEADER_SEARCH_PATHS = (
					"\"$(TARGET_BUILD_DIR)/usr/local/lib/include\"",
					"\"$(OBJROOT)/UninstalledProducts/include\"",
					"\"$(BUILT_PRODUCTS_DIR)\"",
				);
				IPHONEOS_DEPLOYMENT_TARGET = 6.0;
				OTHER_LDFLAGS = (
					"-weak_framework",
					CoreFoundation,
					"-weak_framework",
					UIKit,
					"-weak_framework",
					AVFoundation,
					"-weak_framework",
					CoreMedia,
					"-weak-lSystem",
					"-ObjC",
				);
				SDKROOT = iphoneos;
				SKIP_INSTALL = NO;
				USER_HEADER_SEARCH_PATHS = "";
			};
			name = Release;
		};
/* End XCBuildConfiguration section */

/* Begin XCConfigurationList section */
		1D6058960D05DD3E006BFB54 /* Build configuration list for PBXNativeTarget "TestGmap" */ = {
			isa = XCConfigurationList;
			buildConfigurations = (
				1D6058940D05DD3E006BFB54 /* Debug */,
				1D6058950D05DD3E006BFB54 /* Release */,
			);
			defaultConfigurationIsVisible = 0;
			defaultConfigurationName = Release;
		};
		C01FCF4E08A954540054247B /* Build configuration list for PBXProject "TestGmap" */ = {
			isa = XCConfigurationList;
			buildConfigurations = (
				C01FCF4F08A954540054247B /* Debug */,
				C01FCF5008A954540054247B /* Release */,
			);
			defaultConfigurationIsVisible = 0;
			defaultConfigurationName = Release;
		};
/* End XCConfigurationList section */
	};
	rootObject = 29B97313FDCFA39411CA2CEA /* Project object */;
}
